
Microsoft Visual Studio Solution File, Format Version 12.00
# Visual Studio Version 16
VisualStudioVersion = 16.0.30204.135
MinimumVisualStudioVersion = 10.0.40219.1
Project("{FAE04EC0-301F-11D3-BF4B-00C04F79EFBC}") = "xadrez-console", "xadrez-console\xadrez-console.csproj", "{3F2C1ACB-9CC9-4932-95E8-E92A0A094353}"
EndProject
Global
	GlobalSection(SolutionConfigurationPlatforms) = preSolution
		Debug|Any CPU = Debug|Any CPU
		Release|Any CPU = Release|Any CPU
	EndGlobalSection
	GlobalSection(ProjectConfigurationPlatforms) = postSolution
		{3F2C1ACB-9CC9-4932-95E8-E92A0A094353}.Debug|Any CPU.ActiveCfg = Debug|Any CPU
		{3F2C1ACB-9CC9-4932-95E8-E92A0A094353}.Debug|Any CPU.Build.0 = Debug|Any CPU
		{3F2C1ACB-9CC9-4932-95E8-E92A0A094353}.Release|Any CPU.ActiveCfg = Release|Any CPU
		{3F2C1ACB-9CC9-4932-95E8-E92A0A094353}.Release|Any CPU.Build.0 = Release|Any CPU
	EndGlobalSection
	GlobalSection(SolutionProperties) = preSolution
		HideSolutionNode = FALSE
	EndGlobalSection
	GlobalSection(ExtensibilityGlobals) = postSolution
		SolutionGuid = {04D39D89-AE9E-4C55-84D9-39F6DB5BC784}
	EndGlobalSection
EndGlobal
